
Microsoft Visual Studio Solution File, Format Version 12.00
# Visual Studio Version 17
VisualStudioVersion = 17.14.36109.1 d17.14
MinimumVisualStudioVersion = 10.0.40219.1
Project("{FAE04EC0-301F-11D3-BF4B-00C04F79EFBC}") = "Учёт_путёвок_в_туристической_фирме", "Учёт_путёвок_в_туристической_фирме\Учёт_путёвок_в_туристической_фирме.csproj", "{25AA93B9-5606-4199-A712-11A6685212ED}"
EndProject
Global
	GlobalSection(SolutionConfigurationPlatforms) = preSolution
		Debug|Any CPU = Debug|Any CPU
		Release|Any CPU = Release|Any CPU
	EndGlobalSection
	GlobalSection(ProjectConfigurationPlatforms) = postSolution
		{25AA93B9-5606-4199-A712-11A6685212ED}.Debug|Any CPU.ActiveCfg = Debug|Any CPU
		{25AA93B9-5606-4199-A712-11A6685212ED}.Debug|Any CPU.Build.0 = Debug|Any CPU
		{25AA93B9-5606-4199-A712-11A6685212ED}.Release|Any CPU.ActiveCfg = Release|Any CPU
		{25AA93B9-5606-4199-A712-11A6685212ED}.Release|Any CPU.Build.0 = Release|Any CPU
	EndGlobalSection
	GlobalSection(SolutionProperties) = preSolution
		HideSolutionNode = FALSE
	EndGlobalSection
	GlobalSection(ExtensibilityGlobals) = postSolution
		SolutionGuid = {308D5BD5-0CFB-4530-961C-3E0B1CA55CB3}
	EndGlobalSection
EndGlobal
